using System;

public class Program
{
    public static void Main(string[] args)
    {
        int[] array = { 1, 5, 2, 8, 3, 7, 4, 6 };
        int max = FindMaxValue(array);
        Console.WriteLine("Max value in the array: " + max);
    }

    public static int FindMaxValue(int[] array)
    {
        if (array == null || array.Length == 0)
        {
            throw new ArgumentException("Array is null or empty");
        }

        int maxValue = array[0];
        for (int i = 1; i < array.Length; i++)
        {
            if (array[i] > maxValue)
            {
                maxValue = array[i];
            }
        }
        return maxValue;
    }
}
